// !$*UTF8*$!
{
	archiveVersion = 1;
	classes = {
	};
	objectVersion = 63;
	objects = {

/* Begin PBXBuildFile section */
		0C835FDEA4D9EB64B492219D /* WorkspaceManager.swift in Sources */ = {isa = PBXBuildFile; fileRef = A8B7F9A7FA83E3EA40908310 /* WorkspaceManager.swift */; };
		15F16FB82D66898474AF1995 /* WatchMode.swift in Sources */ = {isa = PBXBuildFile; fileRef = 34A3827249178D5F6092F694 /* WatchMode.swift */; };
		20565842B4B794059F6E9549 /* TerminalSurfaceView.swift in Sources */ = {isa = PBXBuildFile; fileRef = 6250A16EA3D2BD49E47859C0 /* TerminalSurfaceView.swift */; };
		2549B782FAD4E457602CD13D /* ActivityState.swift in Sources */ = {isa = PBXBuildFile; fileRef = 070FC009B130462BD6BC67C0 /* ActivityState.swift */; };
		31C072A53D6C4E2C8449E594 /* ContentView.swift in Sources */ = {isa = PBXBuildFile; fileRef = 4A1FD3EC146EEBE8EFA6E57F /* ContentView.swift */; };
		53694DD85C545FC69BAB4FD0 /* SidebarView.swift in Sources */ = {isa = PBXBuildFile; fileRef = 65628F1FB224590B2F3A0F5C /* SidebarView.swift */; };
		66C16B48933782A67586DBD4 /* AppCommands.swift in Sources */ = {isa = PBXBuildFile; fileRef = 662BD8A140713D4291FE2494 /* AppCommands.swift */; };
		806C4CCF82644F290456F952 /* PaneView.swift in Sources */ = {isa = PBXBuildFile; fileRef = 64F9E2DA23C2FF1DC3E96C7F /* PaneView.swift */; };
		8652C408B304C58E6E9154ED /* AppDelegate.swift in Sources */ = {isa = PBXBuildFile; fileRef = FFA89CCD60FC4D48A5EA10FD /* AppDelegate.swift */; };
		8AF632D8C218B518D7AE4D2B /* SwiftTerm in Frameworks */ = {isa = PBXBuildFile; productRef = 9154421B75395B16A10932B4 /* SwiftTerm */; };
		91E15BEF96975FEE0DE424BD /* TerminalPanel.swift in Sources */ = {isa = PBXBuildFile; fileRef = BAB3691120D3737758E13FB7 /* TerminalPanel.swift */; };
		ADEFD6A288500A80C710413D /* SplitNodeView.swift in Sources */ = {isa = PBXBuildFile; fileRef = FA2B4B6F9A491EE52A372C61 /* SplitNodeView.swift */; };
		B37FD1391D04FCB22478BF52 /* PersistenceManager.swift in Sources */ = {isa = PBXBuildFile; fileRef = 1E9D91F8A37681320AA5CFDC /* PersistenceManager.swift */; };
		B4D650559FFB5428DC31BB85 /* SearchOverlay.swift in Sources */ = {isa = PBXBuildFile; fileRef = 9F14FD45DD023D6A5B4F49E9 /* SearchOverlay.swift */; };
		BEBCD9EF81B855B66D8D8F7A /* ActivityDetector.swift in Sources */ = {isa = PBXBuildFile; fileRef = 8424064F4B1CC7CCDF3DB794 /* ActivityDetector.swift */; };
		CC96BCAAB3CFA688EFEE15A0 /* WorkspaceView.swift in Sources */ = {isa = PBXBuildFile; fileRef = 739D8F3393F8BE15E9926877 /* WorkspaceView.swift */; };
		CFF05A9BDEF675937A8E5FB8 /* Workspace.swift in Sources */ = {isa = PBXBuildFile; fileRef = BFE51B1CC561D79C6FE87D95 /* Workspace.swift */; };
		D4C77BBB3137BA1EF216F26C /* smuxApp.swift in Sources */ = {isa = PBXBuildFile; fileRef = 2F61975D32383A122C8161F5 /* smuxApp.swift */; };
		DE2BD471385A46DEC01004CC /* SplitTree.swift in Sources */ = {isa = PBXBuildFile; fileRef = 8158AA7D1F0FD1438F588F5F /* SplitTree.swift */; };
		E1A2B3C4D5E6F708B9C0D1E2 /* Assets.xcassets in Resources */ = {isa = PBXBuildFile; fileRef = A1B2C3D4E5F607B8C9D0E1F2 /* Assets.xcassets */; };
/* End PBXBuildFile section */

/* Begin PBXFileReference section */
		070FC009B130462BD6BC67C0 /* ActivityState.swift */ = {isa = PBXFileReference; lastKnownFileType = sourcecode.swift; path = ActivityState.swift; sourceTree = "<group>"; };
		1E199A4016A5A3D80DA2F613 /* smux.app */ = {isa = PBXFileReference; explicitFileType = wrapper.application; includeInIndex = 0; path = smux.app; sourceTree = BUILT_PRODUCTS_DIR; };
		1E9D91F8A37681320AA5CFDC /* PersistenceManager.swift */ = {isa = PBXFileReference; lastKnownFileType = sourcecode.swift; path = PersistenceManager.swift; sourceTree = "<group>"; };
		2F61975D32383A122C8161F5 /* smuxApp.swift */ = {isa = PBXFileReference; lastKnownFileType = sourcecode.swift; path = smuxApp.swift; sourceTree = "<group>"; };
		34A3827249178D5F6092F694 /* WatchMode.swift */ = {isa = PBXFileReference; lastKnownFileType = sourcecode.swift; path = WatchMode.swift; sourceTree = "<group>"; };
		4A1FD3EC146EEBE8EFA6E57F /* ContentView.swift */ = {isa = PBXFileReference; lastKnownFileType = sourcecode.swift; path = ContentView.swift; sourceTree = "<group>"; };
		6250A16EA3D2BD49E47859C0 /* TerminalSurfaceView.swift */ = {isa = PBXFileReference; lastKnownFileType = sourcecode.swift; path = TerminalSurfaceView.swift; sourceTree = "<group>"; };
		64F9E2DA23C2FF1DC3E96C7F /* PaneView.swift */ = {isa = PBXFileReference; lastKnownFileType = sourcecode.swift; path = PaneView.swift; sourceTree = "<group>"; };
		65628F1FB224590B2F3A0F5C /* SidebarView.swift */ = {isa = PBXFileReference; lastKnownFileType = sourcecode.swift; path = SidebarView.swift; sourceTree = "<group>"; };
		662BD8A140713D4291FE2494 /* AppCommands.swift */ = {isa = PBXFileReference; lastKnownFileType = sourcecode.swift; path = AppCommands.swift; sourceTree = "<group>"; };
		739D8F3393F8BE15E9926877 /* WorkspaceView.swift */ = {isa = PBXFileReference; lastKnownFileType = sourcecode.swift; path = WorkspaceView.swift; sourceTree = "<group>"; };
		8158AA7D1F0FD1438F588F5F /* SplitTree.swift */ = {isa = PBXFileReference; lastKnownFileType = sourcecode.swift; path = SplitTree.swift; sourceTree = "<group>"; };
		8424064F4B1CC7CCDF3DB794 /* ActivityDetector.swift */ = {isa = PBXFileReference; lastKnownFileType = sourcecode.swift; path = ActivityDetector.swift; sourceTree = "<group>"; };
		9F14FD45DD023D6A5B4F49E9 /* SearchOverlay.swift */ = {isa = PBXFileReference; lastKnownFileType = sourcecode.swift; path = SearchOverlay.swift; sourceTree = "<group>"; };
		A1B2C3D4E5F607B8C9D0E1F2 /* Assets.xcassets */ = {isa = PBXFileReference; lastKnownFileType = folder.assetcatalog; path = Assets.xcassets; sourceTree = "<group>"; };
		A8B7F9A7FA83E3EA40908310 /* WorkspaceManager.swift */ = {isa = PBXFileReference; lastKnownFileType = sourcecode.swift; path = WorkspaceManager.swift; sourceTree = "<group>"; };
		BAB3691120D3737758E13FB7 /* TerminalPanel.swift */ = {isa = PBXFileReference; lastKnownFileType = sourcecode.swift; path = TerminalPanel.swift; sourceTree = "<group>"; };
		BFE51B1CC561D79C6FE87D95 /* Workspace.swift */ = {isa = PBXFileReference; lastKnownFileType = sourcecode.swift; path = Workspace.swift; sourceTree = "<group>"; };
		FA2B4B6F9A491EE52A372C61 /* SplitNodeView.swift */ = {isa = PBXFileReference; lastKnownFileType = sourcecode.swift; path = SplitNodeView.swift; sourceTree = "<group>"; };
		FFA89CCD60FC4D48A5EA10FD /* AppDelegate.swift */ = {isa = PBXFileReference; lastKnownFileType = sourcecode.swift; path = AppDelegate.swift; sourceTree = "<group>"; };
/* End PBXFileReference section */

/* Begin PBXFrameworksBuildPhase section */
		71174264705A9AD061D3DE89 /* Frameworks */ = {
			isa = PBXFrameworksBuildPhase;
			buildActionMask = 2147483647;
			files = (
				8AF632D8C218B518D7AE4D2B /* SwiftTerm in Frameworks */,
			);
			runOnlyForDeploymentPostprocessing = 0;
		};
/* End PBXFrameworksBuildPhase section */

/* Begin PBXGroup section */
		07B998AF2B70640C10602516 /* App */ = {
			isa = PBXGroup;
			children = (
				662BD8A140713D4291FE2494 /* AppCommands.swift */,
				FFA89CCD60FC4D48A5EA10FD /* AppDelegate.swift */,
				2F61975D32383A122C8161F5 /* smuxApp.swift */,
			);
			path = App;
			sourceTree = "<group>";
		};
		0907269754DFFC959BC5C989 /* Views */ = {
			isa = PBXGroup;
			children = (
				4A1FD3EC146EEBE8EFA6E57F /* ContentView.swift */,
				64F9E2DA23C2FF1DC3E96C7F /* PaneView.swift */,
				9F14FD45DD023D6A5B4F49E9 /* SearchOverlay.swift */,
				65628F1FB224590B2F3A0F5C /* SidebarView.swift */,
				FA2B4B6F9A491EE52A372C61 /* SplitNodeView.swift */,
				6250A16EA3D2BD49E47859C0 /* TerminalSurfaceView.swift */,
				739D8F3393F8BE15E9926877 /* WorkspaceView.swift */,
			);
			path = Views;
			sourceTree = "<group>";
		};
		784F75FEB5E37ECBD342EB4C = {
			isa = PBXGroup;
			children = (
				AF614FBE4DD77E142E732F70 /* Sources */,
				B1C2D3E4F5A6B708C9D0E1F3 /* Resources */,
				FB302C16376DF081FC891909 /* Products */,
			);
			sourceTree = "<group>";
		};
		AF614FBE4DD77E142E732F70 /* Sources */ = {
			isa = PBXGroup;
			children = (
				07B998AF2B70640C10602516 /* App */,
				D5C856270AE65D4EC577C943 /* Models */,
				E8D728EFD3402C1B83807D05 /* Services */,
				0907269754DFFC959BC5C989 /* Views */,
			);
			path = Sources;
			sourceTree = "<group>";
		};
		B1C2D3E4F5A6B708C9D0E1F3 /* Resources */ = {
			isa = PBXGroup;
			children = (
				A1B2C3D4E5F607B8C9D0E1F2 /* Assets.xcassets */,
			);
			path = Resources;
			sourceTree = "<group>";
		};
		D5C856270AE65D4EC577C943 /* Models */ = {
			isa = PBXGroup;
			children = (
				070FC009B130462BD6BC67C0 /* ActivityState.swift */,
				8158AA7D1F0FD1438F588F5F /* SplitTree.swift */,
				BAB3691120D3737758E13FB7 /* TerminalPanel.swift */,
				34A3827249178D5F6092F694 /* WatchMode.swift */,
				BFE51B1CC561D79C6FE87D95 /* Workspace.swift */,
			);
			path = Models;
			sourceTree = "<group>";
		};
		E8D728EFD3402C1B83807D05 /* Services */ = {
			isa = PBXGroup;
			children = (
				8424064F4B1CC7CCDF3DB794 /* ActivityDetector.swift */,
				1E9D91F8A37681320AA5CFDC /* PersistenceManager.swift */,
				A8B7F9A7FA83E3EA40908310 /* WorkspaceManager.swift */,
			);
			path = Services;
			sourceTree = "<group>";
		};
		FB302C16376DF081FC891909 /* Products */ = {
			isa = PBXGroup;
			children = (
				1E199A4016A5A3D80DA2F613 /* smux.app */,
			);
			name = Products;
			sourceTree = "<group>";
		};
/* End PBXGroup section */

/* Begin PBXNativeTarget section */
		40601123755F6E4C2405A43E /* smux */ = {
			isa = PBXNativeTarget;
			buildConfigurationList = 9CC314D114BFE4B9810FC139 /* Build configuration list for PBXNativeTarget "smux" */;
			buildPhases = (
				C76AF4662B8597779B92E5D8 /* Sources */,
				71174264705A9AD061D3DE89 /* Frameworks */,
				F1A2B3C4D5E6F708B9C0D1E3 /* Resources */,
			);
			buildRules = (
			);
			dependencies = (
			);
			name = smux;
			packageProductDependencies = (
				9154421B75395B16A10932B4 /* SwiftTerm */,
			);
			productName = smux;
			productReference = 1E199A4016A5A3D80DA2F613 /* smux.app */;
			productType = "com.apple.product-type.application";
		};
/* End PBXNativeTarget section */

/* Begin PBXProject section */
		66F2CF8294D1481007ABA27C /* Project object */ = {
			isa = PBXProject;
			attributes = {
				BuildIndependentTargetsInParallel = YES;
				LastUpgradeCheck = 2620;
			};
			buildConfigurationList = 63E95BEC2F6AA07F946CAA03 /* Build configuration list for PBXProject "smux" */;
			compatibilityVersion = "Xcode 14.0";
			developmentRegion = en;
			hasScannedForEncodings = 0;
			knownRegions = (
				Base,
				en,
			);
			mainGroup = 784F75FEB5E37ECBD342EB4C;
			minimizedProjectReferenceProxies = 1;
			packageReferences = (
				4071383A0126CCE43EBB6E16 /* XCRemoteSwiftPackageReference "SwiftTerm" */,
			);
			projectDirPath = "";
			projectRoot = "";
			targets = (
				40601123755F6E4C2405A43E /* smux */,
			);
		};
/* End PBXProject section */

/* Begin PBXResourcesBuildPhase section */
		F1A2B3C4D5E6F708B9C0D1E3 /* Resources */ = {
			isa = PBXResourcesBuildPhase;
			buildActionMask = 2147483647;
			files = (
				E1A2B3C4D5E6F708B9C0D1E2 /* Assets.xcassets in Resources */,
			);
			runOnlyForDeploymentPostprocessing = 0;
		};
/* End PBXResourcesBuildPhase section */

/* Begin PBXSourcesBuildPhase section */
		C76AF4662B8597779B92E5D8 /* Sources */ = {
			isa = PBXSourcesBuildPhase;
			buildActionMask = 2147483647;
			files = (
				BEBCD9EF81B855B66D8D8F7A /* ActivityDetector.swift in Sources */,
				2549B782FAD4E457602CD13D /* ActivityState.swift in Sources */,
				66C16B48933782A67586DBD4 /* AppCommands.swift in Sources */,
				8652C408B304C58E6E9154ED /* AppDelegate.swift in Sources */,
				31C072A53D6C4E2C8449E594 /* ContentView.swift in Sources */,
				806C4CCF82644F290456F952 /* PaneView.swift in Sources */,
				B37FD1391D04FCB22478BF52 /* PersistenceManager.swift in Sources */,
				B4D650559FFB5428DC31BB85 /* SearchOverlay.swift in Sources */,
				53694DD85C545FC69BAB4FD0 /* SidebarView.swift in Sources */,
				ADEFD6A288500A80C710413D /* SplitNodeView.swift in Sources */,
				DE2BD471385A46DEC01004CC /* SplitTree.swift in Sources */,
				91E15BEF96975FEE0DE424BD /* TerminalPanel.swift in Sources */,
				20565842B4B794059F6E9549 /* TerminalSurfaceView.swift in Sources */,
				15F16FB82D66898474AF1995 /* WatchMode.swift in Sources */,
				CFF05A9BDEF675937A8E5FB8 /* Workspace.swift in Sources */,
				0C835FDEA4D9EB64B492219D /* WorkspaceManager.swift in Sources */,
				CC96BCAAB3CFA688EFEE15A0 /* WorkspaceView.swift in Sources */,
				D4C77BBB3137BA1EF216F26C /* smuxApp.swift in Sources */,
			);
			runOnlyForDeploymentPostprocessing = 0;
		};
/* End PBXSourcesBuildPhase section */

/* Begin XCBuildConfiguration section */
		34323C04B34346FFE470BEEC /* Release */ = {
			isa = XCBuildConfiguration;
			buildSettings = {
				ASSETCATALOG_COMPILER_APPICON_NAME = AppIcon;
				CODE_SIGN_ENTITLEMENTS = Resources/smux.entitlements;
				CODE_SIGN_IDENTITY = "-";
				"CODE_SIGN_IDENTITY[sdk=macosx*]" = "Developer ID Application";
				CODE_SIGN_STYLE = Manual;
				COMBINE_HIDPI_IMAGES = YES;
				CURRENT_PROJECT_VERSION = 1;
				DEAD_CODE_STRIPPING = YES;
				DEVELOPMENT_TEAM = "";
				"DEVELOPMENT_TEAM[sdk=macosx*]" = VM4J26D95T;
				ENABLE_HARDENED_RUNTIME = YES;
				GENERATE_INFOPLIST_FILE = YES;
				INFOPLIST_KEY_CFBundleDisplayName = smux;
				INFOPLIST_KEY_LSApplicationCategoryType = "public.app-category.developer-tools";
				INFOPLIST_KEY_NSHumanReadableCopyright = "";
				LD_RUNPATH_SEARCH_PATHS = (
					"$(inherited)",
					"@executable_path/../Frameworks",
				);
				MACOSX_DEPLOYMENT_TARGET = 14.0;
				MARKETING_VERSION = 0.1.0;
				PRODUCT_BUNDLE_IDENTIFIER = com.smux.app;
				PRODUCT_NAME = smux;
				PROVISIONING_PROFILE_SPECIFIER = "";
				SDKROOT = macosx;
				SWIFT_VERSION = 5.9;
			};
			name = Release;
		};
		717FDB652DAF1D282A285DAE /* Debug */ = {
			isa = XCBuildConfiguration;
			buildSettings = {
				ALWAYS_SEARCH_USER_PATHS = NO;
				CLANG_ANALYZER_NONNULL = YES;
				CLANG_ANALYZER_NUMBER_OBJECT_CONVERSION = YES_AGGRESSIVE;
				CLANG_CXX_LANGUAGE_STANDARD = "gnu++14";
				CLANG_CXX_LIBRARY = "libc++";
				CLANG_ENABLE_MODULES = YES;
				CLANG_ENABLE_OBJC_ARC = YES;
				CLANG_ENABLE_OBJC_WEAK = YES;
				CLANG_WARN_BLOCK_CAPTURE_AUTORELEASING = YES;
				CLANG_WARN_BOOL_CONVERSION = YES;
				CLANG_WARN_COMMA = YES;
				CLANG_WARN_CONSTANT_CONVERSION = YES;
				CLANG_WARN_DEPRECATED_OBJC_IMPLEMENTATIONS = YES;
				CLANG_WARN_DIRECT_OBJC_ISA_USAGE = YES_ERROR;
				CLANG_WARN_DOCUMENTATION_COMMENTS = YES;
				CLANG_WARN_EMPTY_BODY = YES;
				CLANG_WARN_ENUM_CONVERSION = YES;
				CLANG_WARN_INFINITE_RECURSION = YES;
				CLANG_WARN_INT_CONVERSION = YES;
				CLANG_WARN_NON_LITERAL_NULL_CONVERSION = YES;
				CLANG_WARN_OBJC_IMPLICIT_RETAIN_SELF = YES;
				CLANG_WARN_OBJC_LITERAL_CONVERSION = YES;
				CLANG_WARN_OBJC_ROOT_CLASS = YES_ERROR;
				CLANG_WARN_QUOTED_INCLUDE_IN_FRAMEWORK_HEADER = YES;
				CLANG_WARN_RANGE_LOOP_ANALYSIS = YES;
				CLANG_WARN_STRICT_PROTOTYPES = YES;
				CLANG_WARN_SUSPICIOUS_MOVE = YES;
				CLANG_WARN_UNGUARDED_AVAILABILITY = YES_AGGRESSIVE;
				CLANG_WARN_UNREACHABLE_CODE = YES;
				CLANG_WARN__DUPLICATE_METHOD_MATCH = YES;
				COPY_PHASE_STRIP = NO;
				DEAD_CODE_STRIPPING = YES;
				DEBUG_INFORMATION_FORMAT = dwarf;
				ENABLE_STRICT_OBJC_MSGSEND = YES;
				ENABLE_TESTABILITY = YES;
				ENABLE_USER_SCRIPT_SANDBOXING = YES;
				GCC_C_LANGUAGE_STANDARD = gnu11;
				GCC_DYNAMIC_NO_PIC = NO;
				GCC_NO_COMMON_BLOCKS = YES;
				GCC_OPTIMIZATION_LEVEL = 0;
				GCC_PREPROCESSOR_DEFINITIONS = (
					"$(inherited)",
					"DEBUG=1",
				);
				GCC_WARN_64_TO_32_BIT_CONVERSION = YES;
				GCC_WARN_ABOUT_RETURN_TYPE = YES_ERROR;
				GCC_WARN_UNDECLARED_SELECTOR = YES;
				GCC_WARN_UNINITIALIZED_AUTOS = YES_AGGRESSIVE;
				GCC_WARN_UNUSED_FUNCTION = YES;
				GCC_WARN_UNUSED_VARIABLE = YES;
				MACOSX_DEPLOYMENT_TARGET = 14.0;
				MTL_ENABLE_DEBUG_INFO = INCLUDE_SOURCE;
				MTL_FAST_MATH = YES;
				ONLY_ACTIVE_ARCH = YES;
				PRODUCT_NAME = "$(TARGET_NAME)";
				SDKROOT = macosx;
				STRING_CATALOG_GENERATE_SYMBOLS = YES;
				SWIFT_ACTIVE_COMPILATION_CONDITIONS = DEBUG;
				SWIFT_OPTIMIZATION_LEVEL = "-Onone";
				SWIFT_VERSION = 5.0;
			};
			name = Debug;
		};
		83F11668AE7FDB7ACF655E5D /* Release */ = {
			isa = XCBuildConfiguration;
			buildSettings = {
				ALWAYS_SEARCH_USER_PATHS = NO;
				CLANG_ANALYZER_NONNULL = YES;
				CLANG_ANALYZER_NUMBER_OBJECT_CONVERSION = YES_AGGRESSIVE;
				CLANG_CXX_LANGUAGE_STANDARD = "gnu++14";
				CLANG_CXX_LIBRARY = "libc++";
				CLANG_ENABLE_MODULES = YES;
				CLANG_ENABLE_OBJC_ARC = YES;
				CLANG_ENABLE_OBJC_WEAK = YES;
				CLANG_WARN_BLOCK_CAPTURE_AUTORELEASING = YES;
				CLANG_WARN_BOOL_CONVERSION = YES;
				CLANG_WARN_COMMA = YES;
				CLANG_WARN_CONSTANT_CONVERSION = YES;
				CLANG_WARN_DEPRECATED_OBJC_IMPLEMENTATIONS = YES;
				CLANG_WARN_DIRECT_OBJC_ISA_USAGE = YES_ERROR;
				CLANG_WARN_DOCUMENTATION_COMMENTS = YES;
				CLANG_WARN_EMPTY_BODY = YES;
				CLANG_WARN_ENUM_CONVERSION = YES;
				CLANG_WARN_INFINITE_RECURSION = YES;
				CLANG_WARN_INT_CONVERSION = YES;
				CLANG_WARN_NON_LITERAL_NULL_CONVERSION = YES;
				CLANG_WARN_OBJC_IMPLICIT_RETAIN_SELF = YES;
				CLANG_WARN_OBJC_LITERAL_CONVERSION = YES;
				CLANG_WARN_OBJC_ROOT_CLASS = YES_ERROR;
				CLANG_WARN_QUOTED_INCLUDE_IN_FRAMEWORK_HEADER = YES;
				CLANG_WARN_RANGE_LOOP_ANALYSIS = YES;
				CLANG_WARN_STRICT_PROTOTYPES = YES;
				CLANG_WARN_SUSPICIOUS_MOVE = YES;
				CLANG_WARN_UNGUARDED_AVAILABILITY = YES_AGGRESSIVE;
				CLANG_WARN_UNREACHABLE_CODE = YES;
				CLANG_WARN__DUPLICATE_METHOD_MATCH = YES;
				COPY_PHASE_STRIP = NO;
				DEAD_CODE_STRIPPING = YES;
				DEBUG_INFORMATION_FORMAT = "dwarf-with-dsym";
				ENABLE_NS_ASSERTIONS = NO;
				ENABLE_STRICT_OBJC_MSGSEND = YES;
				ENABLE_USER_SCRIPT_SANDBOXING = YES;
				GCC_C_LANGUAGE_STANDARD = gnu11;
				GCC_NO_COMMON_BLOCKS = YES;
				GCC_WARN_64_TO_32_BIT_CONVERSION = YES;
				GCC_WARN_ABOUT_RETURN_TYPE = YES_ERROR;
				GCC_WARN_UNDECLARED_SELECTOR = YES;
				GCC_WARN_UNINITIALIZED_AUTOS = YES_AGGRESSIVE;
				GCC_WARN_UNUSED_FUNCTION = YES;
				GCC_WARN_UNUSED_VARIABLE = YES;
				MACOSX_DEPLOYMENT_TARGET = 14.0;
				MTL_ENABLE_DEBUG_INFO = NO;
				MTL_FAST_MATH = YES;
				PRODUCT_NAME = "$(TARGET_NAME)";
				SDKROOT = macosx;
				STRING_CATALOG_GENERATE_SYMBOLS = YES;
				SWIFT_COMPILATION_MODE = wholemodule;
				SWIFT_OPTIMIZATION_LEVEL = "-O";
				SWIFT_VERSION = 5.0;
			};
			name = Release;
		};
		E9302506A873A918FDE6B783 /* Debug */ = {
			isa = XCBuildConfiguration;
			buildSettings = {
				ASSETCATALOG_COMPILER_APPICON_NAME = AppIcon;
				CODE_SIGN_ENTITLEMENTS = Resources/smux.entitlements;
				CODE_SIGN_IDENTITY = "-";
				"CODE_SIGN_IDENTITY[sdk=macosx*]" = "Developer ID Application";
				CODE_SIGN_STYLE = Manual;
				COMBINE_HIDPI_IMAGES = YES;
				CURRENT_PROJECT_VERSION = 1;
				DEAD_CODE_STRIPPING = YES;
				DEVELOPMENT_TEAM = "";
				"DEVELOPMENT_TEAM[sdk=macosx*]" = VM4J26D95T;
				ENABLE_HARDENED_RUNTIME = YES;
				GENERATE_INFOPLIST_FILE = YES;
				INFOPLIST_KEY_CFBundleDisplayName = smux;
				INFOPLIST_KEY_LSApplicationCategoryType = "public.app-category.developer-tools";
				INFOPLIST_KEY_NSHumanReadableCopyright = "";
				LD_RUNPATH_SEARCH_PATHS = (
					"$(inherited)",
					"@executable_path/../Frameworks",
				);
				MACOSX_DEPLOYMENT_TARGET = 14.0;
				MARKETING_VERSION = 0.1.0;
				PRODUCT_BUNDLE_IDENTIFIER = com.smux.app;
				PRODUCT_NAME = smux;
				PROVISIONING_PROFILE_SPECIFIER = "";
				SDKROOT = macosx;
				SWIFT_VERSION = 5.9;
			};
			name = Debug;
		};
/* End XCBuildConfiguration section */

/* Begin XCConfigurationList section */
		63E95BEC2F6AA07F946CAA03 /* Build configuration list for PBXProject "smux" */ = {
			isa = XCConfigurationList;
			buildConfigurations = (
				717FDB652DAF1D282A285DAE /* Debug */,
				83F11668AE7FDB7ACF655E5D /* Release */,
			);
			defaultConfigurationIsVisible = 0;
			defaultConfigurationName = Debug;
		};
		9CC314D114BFE4B9810FC139 /* Build configuration list for PBXNativeTarget "smux" */ = {
			isa = XCConfigurationList;
			buildConfigurations = (
				E9302506A873A918FDE6B783 /* Debug */,
				34323C04B34346FFE470BEEC /* Release */,
			);
			defaultConfigurationIsVisible = 0;
			defaultConfigurationName = Debug;
		};
/* End XCConfigurationList section */

/* Begin XCRemoteSwiftPackageReference section */
		4071383A0126CCE43EBB6E16 /* XCRemoteSwiftPackageReference "SwiftTerm" */ = {
			isa = XCRemoteSwiftPackageReference;
			repositoryURL = "https://github.com/migueldeicaza/SwiftTerm.git";
			requirement = {
				kind = upToNextMajorVersion;
				minimumVersion = 1.0.0;
			};
		};
/* End XCRemoteSwiftPackageReference section */

/* Begin XCSwiftPackageProductDependency section */
		9154421B75395B16A10932B4 /* SwiftTerm */ = {
			isa = XCSwiftPackageProductDependency;
			package = 4071383A0126CCE43EBB6E16 /* XCRemoteSwiftPackageReference "SwiftTerm" */;
			productName = SwiftTerm;
		};
/* End XCSwiftPackageProductDependency section */
	};
	rootObject = 66F2CF8294D1481007ABA27C /* Project object */;
}
